
Microsoft Visual Studio Solution File, Format Version 12.00
# Visual Studio Version 17
VisualStudioVersion = 17.13.35931.197 d17.13
MinimumVisualStudioVersion = 10.0.40219.1
Project("{FAE04EC0-301F-11D3-BF4B-00C04F79EFBC}") = "CachingAndDynamicUI", "CachingAndDynamicUI.csproj", "{830F34E9-3EA7-4A75-8755-663728C21318}"
EndProject
Global
	GlobalSection(SolutionConfigurationPlatforms) = preSolution
		Debug|Any CPU = Debug|Any CPU
		Release|Any CPU = Release|Any CPU
	EndGlobalSection
	GlobalSection(ProjectConfigurationPlatforms) = postSolution
		{830F34E9-3EA7-4A75-8755-663728C21318}.Debug|Any CPU.ActiveCfg = Debug|Any CPU
		{830F34E9-3EA7-4A75-8755-663728C21318}.Debug|Any CPU.Build.0 = Debug|Any CPU
		{830F34E9-3EA7-4A75-8755-663728C21318}.Release|Any CPU.ActiveCfg = Release|Any CPU
		{830F34E9-3EA7-4A75-8755-663728C21318}.Release|Any CPU.Build.0 = Release|Any CPU
	EndGlobalSection
	GlobalSection(SolutionProperties) = preSolution
		HideSolutionNode = FALSE
	EndGlobalSection
	GlobalSection(ExtensibilityGlobals) = postSolution
		SolutionGuid = {1D7AAA7D-5AA0-41FA-89A9-8B0E482F02D8}
	EndGlobalSection
EndGlobal
